
Microsoft Visual Studio Solution File, Format Version 12.00
# Visual Studio Version 17
VisualStudioVersion = 17.14.36203.30 d17.14
MinimumVisualStudioVersion = 10.0.40219.1
Project("{FAE04EC0-301F-11D3-BF4B-00C04F79EFBC}") = "ContosoUniversity", "ContosoUniversity\ContosoUniversity.csproj", "{44E1FE35-F055-4E4D-9878-6582C7436813}"
EndProject
Global
	GlobalSection(SolutionConfigurationPlatforms) = preSolution
		Debug|Any CPU = Debug|Any CPU
		Release|Any CPU = Release|Any CPU
	EndGlobalSection
	GlobalSection(ProjectConfigurationPlatforms) = postSolution
		{44E1FE35-F055-4E4D-9878-6582C7436813}.Debug|Any CPU.ActiveCfg = Debug|Any CPU
		{44E1FE35-F055-4E4D-9878-6582C7436813}.Debug|Any CPU.Build.0 = Debug|Any CPU
		{44E1FE35-F055-4E4D-9878-6582C7436813}.Release|Any CPU.ActiveCfg = Release|Any CPU
		{44E1FE35-F055-4E4D-9878-6582C7436813}.Release|Any CPU.Build.0 = Release|Any CPU
	EndGlobalSection
	GlobalSection(SolutionProperties) = preSolution
		HideSolutionNode = FALSE
	EndGlobalSection
	GlobalSection(ExtensibilityGlobals) = postSolution
		SolutionGuid = {DEE063F7-9C64-411E-A9EF-C4E33224A704}
	EndGlobalSection
EndGlobal
